
Microsoft Visual Studio Solution File, Format Version 11.00
# Visual Studio 2010
Project("{FAE04EC0-301F-11D3-BF4B-00C04F79EFBC}") = "Assembly-CSharp-firstpass", "Assembly-CSharp-firstpass.csproj", "{805260CC-D621-0E2A-0C1A-513E49B3B2C0}"
EndProject
Project("{FAE04EC0-301F-11D3-BF4B-00C04F79EFBC}") = "Assembly-CSharp", "Assembly-CSharp.csproj", "{7DBDFC93-9B32-587D-2E4F-C8C0E5EC95C0}"
EndProject
Project("{FAE04EC0-301F-11D3-BF4B-00C04F79EFBC}") = "Assembly-CSharp-Editor-firstpass", "Assembly-CSharp-Editor-firstpass.csproj", "{34CE87A2-9ABD-9179-EC21-BA51364654EC}"
EndProject
Global
	GlobalSection(SolutionConfigurationPlatforms) = preSolution
		Debug|Any CPU = Debug|Any CPU
		Release|Any CPU = Release|Any CPU
	EndGlobalSection
	GlobalSection(ProjectConfigurationPlatforms) = postSolution
		{805260CC-D621-0E2A-0C1A-513E49B3B2C0}.Debug|Any CPU.ActiveCfg = Debug|Any CPU
		{805260CC-D621-0E2A-0C1A-513E49B3B2C0}.Debug|Any CPU.Build.0 = Debug|Any CPU
		{805260CC-D621-0E2A-0C1A-513E49B3B2C0}.Release|Any CPU.ActiveCfg = Release|Any CPU
		{805260CC-D621-0E2A-0C1A-513E49B3B2C0}.Release|Any CPU.Build.0 = Release|Any CPU
		{7DBDFC93-9B32-587D-2E4F-C8C0E5EC95C0}.Debug|Any CPU.ActiveCfg = Debug|Any CPU
		{7DBDFC93-9B32-587D-2E4F-C8C0E5EC95C0}.Debug|Any CPU.Build.0 = Debug|Any CPU
		{7DBDFC93-9B32-587D-2E4F-C8C0E5EC95C0}.Release|Any CPU.ActiveCfg = Release|Any CPU
		{7DBDFC93-9B32-587D-2E4F-C8C0E5EC95C0}.Release|Any CPU.Build.0 = Release|Any CPU
		{34CE87A2-9ABD-9179-EC21-BA51364654EC}.Debug|Any CPU.ActiveCfg = Debug|Any CPU
		{34CE87A2-9ABD-9179-EC21-BA51364654EC}.Debug|Any CPU.Build.0 = Debug|Any CPU
		{34CE87A2-9ABD-9179-EC21-BA51364654EC}.Release|Any CPU.ActiveCfg = Release|Any CPU
		{34CE87A2-9ABD-9179-EC21-BA51364654EC}.Release|Any CPU.Build.0 = Release|Any CPU
	EndGlobalSection
	GlobalSection(SolutionProperties) = preSolution
		HideSolutionNode = FALSE
	EndGlobalSection
	GlobalSection(MonoDevelopProperties) = preSolution
		StartupItem = Assembly-CSharp.csproj
	EndGlobalSection
EndGlobal
